
Microsoft Visual Studio Solution File, Format Version 12.00
# Visual Studio Version 16
VisualStudioVersion = 16.0.30907.101
MinimumVisualStudioVersion = 10.0.40219.1
Project("{FAE04EC0-301F-11D3-BF4B-00C04F79EFBC}") = "EquazioniLibrary", "EquazioniLibrary\EquazioniLibrary.csproj", "{02B7721C-BD23-4A2E-B686-4ED7D921B3F4}"
EndProject
Project("{FAE04EC0-301F-11D3-BF4B-00C04F79EFBC}") = "EquazioniLibrary.Test", "EquazioniLibrary.Test\EquazioniLibrary.Test.csproj", "{3D363D3C-EA5C-4568-BB75-052A6E0943AA}"
EndProject
Global
	GlobalSection(SolutionConfigurationPlatforms) = preSolution
		Debug|Any CPU = Debug|Any CPU
		Release|Any CPU = Release|Any CPU
	EndGlobalSection
	GlobalSection(ProjectConfigurationPlatforms) = postSolution
		{02B7721C-BD23-4A2E-B686-4ED7D921B3F4}.Debug|Any CPU.ActiveCfg = Debug|Any CPU
		{02B7721C-BD23-4A2E-B686-4ED7D921B3F4}.Debug|Any CPU.Build.0 = Debug|Any CPU
		{02B7721C-BD23-4A2E-B686-4ED7D921B3F4}.Release|Any CPU.ActiveCfg = Release|Any CPU
		{02B7721C-BD23-4A2E-B686-4ED7D921B3F4}.Release|Any CPU.Build.0 = Release|Any CPU
		{3D363D3C-EA5C-4568-BB75-052A6E0943AA}.Debug|Any CPU.ActiveCfg = Debug|Any CPU
		{3D363D3C-EA5C-4568-BB75-052A6E0943AA}.Debug|Any CPU.Build.0 = Debug|Any CPU
		{3D363D3C-EA5C-4568-BB75-052A6E0943AA}.Release|Any CPU.ActiveCfg = Release|Any CPU
		{3D363D3C-EA5C-4568-BB75-052A6E0943AA}.Release|Any CPU.Build.0 = Release|Any CPU
	EndGlobalSection
	GlobalSection(SolutionProperties) = preSolution
		HideSolutionNode = FALSE
	EndGlobalSection
	GlobalSection(ExtensibilityGlobals) = postSolution
		SolutionGuid = {96906FAA-DD94-4E19-AC33-7422657F7140}
	EndGlobalSection
EndGlobal
